// !$*UTF8*$!
{
	archiveVersion = 1;
	classes = {
	};
	objectVersion = 46;
	objects = {

/* Begin PBXBuildFile section */
		78069F891C86F8B700147923 /* XMLWriter.h in Headers */ = {isa = PBXBuildFile; fileRef = 78069F881C86F8B700147923 /* XMLWriter.h */; settings = {ATTRIBUTES = (Public, ); }; };
		78069F901C86F8B700147923 /* XMLWriter.framework in Frameworks */ = {isa = PBXBuildFile; fileRef = 78069F851C86F8B700147923 /* XMLWriter.framework */; };
		78069F951C86F8B700147923 /* XMLWriterTests.swift in Sources */ = {isa = PBXBuildFile; fileRef = 78069F941C86F8B700147923 /* XMLWriterTests.swift */; };
		78069FA01C86F8F200147923 /* XMLWriter.swift in Sources */ = {isa = PBXBuildFile; fileRef = 78069F9F1C86F8F200147923 /* XMLWriter.swift */; };
		78069FAA1C87559A00147923 /* OutputStream.swift in Sources */ = {isa = PBXBuildFile; fileRef = 78069FA91C87559A00147923 /* OutputStream.swift */; };
		78069FAC1C87573B00147923 /* OutputStringStream.swift in Sources */ = {isa = PBXBuildFile; fileRef = 78069FAB1C87573B00147923 /* OutputStringStream.swift */; };
/* End PBXBuildFile section */

/* Begin PBXContainerItemProxy section */
		78069F911C86F8B700147923 /* PBXContainerItemProxy */ = {
			isa = PBXContainerItemProxy;
			containerPortal = 78069F7C1C86F8B700147923 /* Project object */;
			proxyType = 1;
			remoteGlobalIDString = 78069F841C86F8B700147923;
			remoteInfo = XMLWriter;
		};
/* End PBXContainerItemProxy section */

/* Begin PBXFileReference section */
		78069F851C86F8B700147923 /* XMLWriter.framework */ = {isa = PBXFileReference; explicitFileType = wrapper.framework; includeInIndex = 0; path = XMLWriter.framework; sourceTree = BUILT_PRODUCTS_DIR; };
		78069F881C86F8B700147923 /* XMLWriter.h */ = {isa = PBXFileReference; lastKnownFileType = sourcecode.c.h; path = XMLWriter.h; sourceTree = "<group>"; };
		78069F8A1C86F8B700147923 /* Info.plist */ = {isa = PBXFileReference; lastKnownFileType = text.plist.xml; path = Info.plist; sourceTree = "<group>"; };
		78069F8F1C86F8B700147923 /* XMLWriterTests.xctest */ = {isa = PBXFileReference; explicitFileType = wrapper.cfbundle; includeInIndex = 0; path = XMLWriterTests.xctest; sourceTree = BUILT_PRODUCTS_DIR; };
		78069F941C86F8B700147923 /* XMLWriterTests.swift */ = {isa = PBXFileReference; lastKnownFileType = sourcecode.swift; path = XMLWriterTests.swift; sourceTree = "<group>"; };
		78069F961C86F8B700147923 /* Info.plist */ = {isa = PBXFileReference; lastKnownFileType = text.plist.xml; path = Info.plist; sourceTree = "<group>"; };
		78069F9F1C86F8F200147923 /* XMLWriter.swift */ = {isa = PBXFileReference; fileEncoding = 4; lastKnownFileType = sourcecode.swift; path = XMLWriter.swift; sourceTree = "<group>"; };
		78069FA91C87559A00147923 /* OutputStream.swift */ = {isa = PBXFileReference; fileEncoding = 4; lastKnownFileType = sourcecode.swift; path = OutputStream.swift; sourceTree = "<group>"; };
		78069FAB1C87573B00147923 /* OutputStringStream.swift */ = {isa = PBXFileReference; fileEncoding = 4; lastKnownFileType = sourcecode.swift; path = OutputStringStream.swift; sourceTree = "<group>"; };
/* End PBXFileReference section */

/* Begin PBXFrameworksBuildPhase section */
		78069F811C86F8B700147923 /* Frameworks */ = {
			isa = PBXFrameworksBuildPhase;
			buildActionMask = 2147483647;
			files = (
			);
			runOnlyForDeploymentPostprocessing = 0;
		};
		78069F8C1C86F8B700147923 /* Frameworks */ = {
			isa = PBXFrameworksBuildPhase;
			buildActionMask = 2147483647;
			files = (
				78069F901C86F8B700147923 /* XMLWriter.framework in Frameworks */,
			);
			runOnlyForDeploymentPostprocessing = 0;
		};
/* End PBXFrameworksBuildPhase section */

/* Begin PBXGroup section */
		78069F7B1C86F8B700147923 = {
			isa = PBXGroup;
			children = (
				78069F871C86F8B700147923 /* XMLWriter */,
				78069F931C86F8B700147923 /* XMLWriterTests */,
				78069F861C86F8B700147923 /* Products */,
			);
			sourceTree = "<group>";
		};
		78069F861C86F8B700147923 /* Products */ = {
			isa = PBXGroup;
			children = (
				78069F851C86F8B700147923 /* XMLWriter.framework */,
				78069F8F1C86F8B700147923 /* XMLWriterTests.xctest */,
			);
			name = Products;
			sourceTree = "<group>";
		};
		78069F871C86F8B700147923 /* XMLWriter */ = {
			isa = PBXGroup;
			children = (
				78069F881C86F8B700147923 /* XMLWriter.h */,
				78069F8A1C86F8B700147923 /* Info.plist */,
				78069F9F1C86F8F200147923 /* XMLWriter.swift */,
			);
			path = XMLWriter;
			sourceTree = "<group>";
		};
		78069F931C86F8B700147923 /* XMLWriterTests */ = {
			isa = PBXGroup;
			children = (
				78069FA91C87559A00147923 /* OutputStream.swift */,
				78069F941C86F8B700147923 /* XMLWriterTests.swift */,
				78069F961C86F8B700147923 /* Info.plist */,
				78069FAB1C87573B00147923 /* OutputStringStream.swift */,
			);
			path = XMLWriterTests;
			sourceTree = "<group>";
		};
/* End PBXGroup section */

/* Begin PBXHeadersBuildPhase section */
		78069F821C86F8B700147923 /* Headers */ = {
			isa = PBXHeadersBuildPhase;
			buildActionMask = 2147483647;
			files = (
				78069F891C86F8B700147923 /* XMLWriter.h in Headers */,
			);
			runOnlyForDeploymentPostprocessing = 0;
		};
/* End PBXHeadersBuildPhase section */

/* Begin PBXNativeTarget section */
		78069F841C86F8B700147923 /* XMLWriter */ = {
			isa = PBXNativeTarget;
			buildConfigurationList = 78069F991C86F8B700147923 /* Build configuration list for PBXNativeTarget "XMLWriter" */;
			buildPhases = (
				78069F801C86F8B700147923 /* Sources */,
				78069F811C86F8B700147923 /* Frameworks */,
				78069F821C86F8B700147923 /* Headers */,
				78069F831C86F8B700147923 /* Resources */,
			);
			buildRules = (
			);
			dependencies = (
			);
			name = XMLWriter;
			productName = XMLWriter;
			productReference = 78069F851C86F8B700147923 /* XMLWriter.framework */;
			productType = "com.apple.product-type.framework";
		};
		78069F8E1C86F8B700147923 /* XMLWriterTests */ = {
			isa = PBXNativeTarget;
			buildConfigurationList = 78069F9C1C86F8B700147923 /* Build configuration list for PBXNativeTarget "XMLWriterTests" */;
			buildPhases = (
				78069F8B1C86F8B700147923 /* Sources */,
				78069F8C1C86F8B700147923 /* Frameworks */,
				78069F8D1C86F8B700147923 /* Resources */,
			);
			buildRules = (
			);
			dependencies = (
				78069F921C86F8B700147923 /* PBXTargetDependency */,
			);
			name = XMLWriterTests;
			productName = XMLWriterTests;
			productReference = 78069F8F1C86F8B700147923 /* XMLWriterTests.xctest */;
			productType = "com.apple.product-type.bundle.unit-test";
		};
/* End PBXNativeTarget section */

/* Begin PBXProject section */
		78069F7C1C86F8B700147923 /* Project object */ = {
			isa = PBXProject;
			attributes = {
				LastSwiftUpdateCheck = 0720;
				LastUpgradeCheck = 0720;
				ORGANIZATIONNAME = "Sixty North";
				TargetAttributes = {
					78069F841C86F8B700147923 = {
						CreatedOnToolsVersion = 7.2.1;
					};
					78069F8E1C86F8B700147923 = {
						CreatedOnToolsVersion = 7.2.1;
					};
				};
			};
			buildConfigurationList = 78069F7F1C86F8B700147923 /* Build configuration list for PBXProject "XMLWriter" */;
			compatibilityVersion = "Xcode 3.2";
			developmentRegion = English;
			hasScannedForEncodings = 0;
			knownRegions = (
				en,
			);
			mainGroup = 78069F7B1C86F8B700147923;
			productRefGroup = 78069F861C86F8B700147923 /* Products */;
			projectDirPath = "";
			projectRoot = "";
			targets = (
				78069F841C86F8B700147923 /* XMLWriter */,
				78069F8E1C86F8B700147923 /* XMLWriterTests */,
			);
		};
/* End PBXProject section */

/* Begin PBXResourcesBuildPhase section */
		78069F831C86F8B700147923 /* Resources */ = {
			isa = PBXResourcesBuildPhase;
			buildActionMask = 2147483647;
			files = (
			);
			runOnlyForDeploymentPostprocessing = 0;
		};
		78069F8D1C86F8B700147923 /* Resources */ = {
			isa = PBXResourcesBuildPhase;
			buildActionMask = 2147483647;
			files = (
			);
			runOnlyForDeploymentPostprocessing = 0;
		};
/* End PBXResourcesBuildPhase section */

/* Begin PBXSourcesBuildPhase section */
		78069F801C86F8B700147923 /* Sources */ = {
			isa = PBXSourcesBuildPhase;
			buildActionMask = 2147483647;
			files = (
				78069FA01C86F8F200147923 /* XMLWriter.swift in Sources */,
			);
			runOnlyForDeploymentPostprocessing = 0;
		};
		78069F8B1C86F8B700147923 /* Sources */ = {
			isa = PBXSourcesBuildPhase;
			buildActionMask = 2147483647;
			files = (
				78069FAA1C87559A00147923 /* OutputStream.swift in Sources */,
				78069FAC1C87573B00147923 /* OutputStringStream.swift in Sources */,
				78069F951C86F8B700147923 /* XMLWriterTests.swift in Sources */,
			);
			runOnlyForDeploymentPostprocessing = 0;
		};
/* End PBXSourcesBuildPhase section */

/* Begin PBXTargetDependency section */
		78069F921C86F8B700147923 /* PBXTargetDependency */ = {
			isa = PBXTargetDependency;
			target = 78069F841C86F8B700147923 /* XMLWriter */;
			targetProxy = 78069F911C86F8B700147923 /* PBXContainerItemProxy */;
		};
/* End PBXTargetDependency section */

/* Begin XCBuildConfiguration section */
		78069F971C86F8B700147923 /* Debug */ = {
			isa = XCBuildConfiguration;
			buildSettings = {
				ALWAYS_SEARCH_USER_PATHS = NO;
				CLANG_CXX_LANGUAGE_STANDARD = "gnu++0x";
				CLANG_CXX_LIBRARY = "libc++";
				CLANG_ENABLE_MODULES = YES;
				CLANG_ENABLE_OBJC_ARC = YES;
				CLANG_WARN_BOOL_CONVERSION = YES;
				CLANG_WARN_CONSTANT_CONVERSION = YES;
				CLANG_WARN_DIRECT_OBJC_ISA_USAGE = YES_ERROR;
				CLANG_WARN_EMPTY_BODY = YES;
				CLANG_WARN_ENUM_CONVERSION = YES;
				CLANG_WARN_INT_CONVERSION = YES;
				CLANG_WARN_OBJC_ROOT_CLASS = YES_ERROR;
				CLANG_WARN_UNREACHABLE_CODE = YES;
				CLANG_WARN__DUPLICATE_METHOD_MATCH = YES;
				CODE_SIGN_IDENTITY = "-";
				COPY_PHASE_STRIP = NO;
				CURRENT_PROJECT_VERSION = 1;
				DEBUG_INFORMATION_FORMAT = dwarf;
				ENABLE_STRICT_OBJC_MSGSEND = YES;
				ENABLE_TESTABILITY = YES;
				GCC_C_LANGUAGE_STANDARD = gnu99;
				GCC_DYNAMIC_NO_PIC = NO;
				GCC_NO_COMMON_BLOCKS = YES;
				GCC_OPTIMIZATION_LEVEL = 0;
				GCC_PREPROCESSOR_DEFINITIONS = (
					"DEBUG=1",
					"$(inherited)",
				);
				GCC_WARN_64_TO_32_BIT_CONVERSION = YES;
				GCC_WARN_ABOUT_RETURN_TYPE = YES_ERROR;
				GCC_WARN_UNDECLARED_SELECTOR = YES;
				GCC_WARN_UNINITIALIZED_AUTOS = YES_AGGRESSIVE;
				GCC_WARN_UNUSED_FUNCTION = YES;
				GCC_WARN_UNUSED_VARIABLE = YES;
				MACOSX_DEPLOYMENT_TARGET = 10.11;
				MTL_ENABLE_DEBUG_INFO = YES;
				ONLY_ACTIVE_ARCH = YES;
				SDKROOT = macosx;
				SUPPORTED_PLATFORMS = "macosx iphoneos iphonesimulator";
				SWIFT_OPTIMIZATION_LEVEL = "-Onone";
				VALID_ARCHS = "i386 x86_64 arm64 armv7 armv7s";
				VERSIONING_SYSTEM = "apple-generic";
				VERSION_INFO_PREFIX = "";
			};
			name = Debug;
		};
		78069F981C86F8B700147923 /* Release */ = {
			isa = XCBuildConfiguration;
			buildSettings = {
				ALWAYS_SEARCH_USER_PATHS = NO;
				CLANG_CXX_LANGUAGE_STANDARD = "gnu++0x";
				CLANG_CXX_LIBRARY = "libc++";
				CLANG_ENABLE_MODULES = YES;
				CLANG_ENABLE_OBJC_ARC = YES;
				CLANG_WARN_BOOL_CONVERSION = YES;
				CLANG_WARN_CONSTANT_CONVERSION = YES;
				CLANG_WARN_DIRECT_OBJC_ISA_USAGE = YES_ERROR;
				CLANG_WARN_EMPTY_BODY = YES;
				CLANG_WARN_ENUM_CONVERSION = YES;
				CLANG_WARN_INT_CONVERSION = YES;
				CLANG_WARN_OBJC_ROOT_CLASS = YES_ERROR;
				CLANG_WARN_UNREACHABLE_CODE = YES;
				CLANG_WARN__DUPLICATE_METHOD_MATCH = YES;
				CODE_SIGN_IDENTITY = "-";
				COPY_PHASE_STRIP = NO;
				CURRENT_PROJECT_VERSION = 1;
				DEBUG_INFORMATION_FORMAT = "dwarf-with-dsym";
				ENABLE_NS_ASSERTIONS = NO;
				ENABLE_STRICT_OBJC_MSGSEND = YES;
				GCC_C_LANGUAGE_STANDARD = gnu99;
				GCC_NO_COMMON_BLOCKS = YES;
				GCC_WARN_64_TO_32_BIT_CONVERSION = YES;
				GCC_WARN_ABOUT_RETURN_TYPE = YES_ERROR;
				GCC_WARN_UNDECLARED_SELECTOR = YES;
				GCC_WARN_UNINITIALIZED_AUTOS = YES_AGGRESSIVE;
				GCC_WARN_UNUSED_FUNCTION = YES;
				GCC_WARN_UNUSED_VARIABLE = YES;
				MACOSX_DEPLOYMENT_TARGET = 10.11;
				MTL_ENABLE_DEBUG_INFO = NO;
				SDKROOT = macosx;
				SUPPORTED_PLATFORMS = "macosx iphoneos iphonesimulator";
				VALID_ARCHS = "i386 x86_64 arm64 armv7 armv7s";
				VERSIONING_SYSTEM = "apple-generic";
				VERSION_INFO_PREFIX = "";
			};
			name = Release;
		};
		78069F9A1C86F8B700147923 /* Debug */ = {
			isa = XCBuildConfiguration;
			buildSettings = {
				CLANG_ENABLE_MODULES = YES;
				COMBINE_HIDPI_IMAGES = YES;
				DEFINES_MODULE = YES;
				DYLIB_COMPATIBILITY_VERSION = 1;
				DYLIB_CURRENT_VERSION = 1;
				DYLIB_INSTALL_NAME_BASE = "@rpath";
				FRAMEWORK_VERSION = A;
				INFOPLIST_FILE = XMLWriter/Info.plist;
				INSTALL_PATH = "$(LOCAL_LIBRARY_DIR)/Frameworks";
				LD_RUNPATH_SEARCH_PATHS = "$(inherited) @executable_path/../Frameworks @loader_path/Frameworks";
				PRODUCT_BUNDLE_IDENTIFIER = "com.sixty-north.XMLWriter";
				PRODUCT_NAME = "$(TARGET_NAME)";
				SKIP_INSTALL = YES;
				SWIFT_OPTIMIZATION_LEVEL = "-Onone";
			};
			name = Debug;
		};
		78069F9B1C86F8B700147923 /* Release */ = {
			isa = XCBuildConfiguration;
			buildSettings = {
				CLANG_ENABLE_MODULES = YES;
				COMBINE_HIDPI_IMAGES = YES;
				DEFINES_MODULE = YES;
				DYLIB_COMPATIBILITY_VERSION = 1;
				DYLIB_CURRENT_VERSION = 1;
				DYLIB_INSTALL_NAME_BASE = "@rpath";
				FRAMEWORK_VERSION = A;
				INFOPLIST_FILE = XMLWriter/Info.plist;
				INSTALL_PATH = "$(LOCAL_LIBRARY_DIR)/Frameworks";
				LD_RUNPATH_SEARCH_PATHS = "$(inherited) @executable_path/../Frameworks @loader_path/Frameworks";
				PRODUCT_BUNDLE_IDENTIFIER = "com.sixty-north.XMLWriter";
				PRODUCT_NAME = "$(TARGET_NAME)";
				SKIP_INSTALL = YES;
			};
			name = Release;
		};
		78069F9D1C86F8B700147923 /* Debug */ = {
			isa = XCBuildConfiguration;
			buildSettings = {
				COMBINE_HIDPI_IMAGES = YES;
				INFOPLIST_FILE = XMLWriterTests/Info.plist;
				LD_RUNPATH_SEARCH_PATHS = "$(inherited) @executable_path/Frameworks @loader_path/Frameworks @executable_path/../Frameworks @loader_path/../Frameworks";
				PRODUCT_BUNDLE_IDENTIFIER = "com.sixty-north.XMLWriterTests";
				PRODUCT_NAME = "$(TARGET_NAME)";
			};
			name = Debug;
		};
		78069F9E1C86F8B700147923 /* Release */ = {
			isa = XCBuildConfiguration;
			buildSettings = {
				COMBINE_HIDPI_IMAGES = YES;
				INFOPLIST_FILE = XMLWriterTests/Info.plist;
				LD_RUNPATH_SEARCH_PATHS = "$(inherited) @executable_path/Frameworks @loader_path/Frameworks @executable_path/../Frameworks @loader_path/../Frameworks";
				PRODUCT_BUNDLE_IDENTIFIER = "com.sixty-north.XMLWriterTests";
				PRODUCT_NAME = "$(TARGET_NAME)";
			};
			name = Release;
		};
/* End XCBuildConfiguration section */

/* Begin XCConfigurationList section */
		78069F7F1C86F8B700147923 /* Build configuration list for PBXProject "XMLWriter" */ = {
			isa = XCConfigurationList;
			buildConfigurations = (
				78069F971C86F8B700147923 /* Debug */,
				78069F981C86F8B700147923 /* Release */,
			);
			defaultConfigurationIsVisible = 0;
			defaultConfigurationName = Release;
		};
		78069F991C86F8B700147923 /* Build configuration list for PBXNativeTarget "XMLWriter" */ = {
			isa = XCConfigurationList;
			buildConfigurations = (
				78069F9A1C86F8B700147923 /* Debug */,
				78069F9B1C86F8B700147923 /* Release */,
			);
			defaultConfigurationIsVisible = 0;
			defaultConfigurationName = Release;
		};
		78069F9C1C86F8B700147923 /* Build configuration list for PBXNativeTarget "XMLWriterTests" */ = {
			isa = XCConfigurationList;
			buildConfigurations = (
				78069F9D1C86F8B700147923 /* Debug */,
				78069F9E1C86F8B700147923 /* Release */,
			);
			defaultConfigurationIsVisible = 0;
			defaultConfigurationName = Release;
		};
/* End XCConfigurationList section */
	};
	rootObject = 78069F7C1C86F8B700147923 /* Project object */;
}
